
Microsoft Visual Studio Solution File, Format Version 12.00
# Visual Studio 15
VisualStudioVersion = 15.0.26730.16
MinimumVisualStudioVersion = 10.0.40219.1
Project("{8BC9CEB8-8B4A-11D0-8D11-00A0C91BC942}") = "gb", "src\gb.vcxproj", "{F87B618C-5321-4A37-9475-07E606C742A6}"
EndProject
Project("{8BC9CEB8-8B4A-11D0-8D11-00A0C91BC942}") = "EightBit", "libraries\EightBit\src\EightBit.vcxproj", "{A9C24BD9-0CB4-4C84-B09B-46B815F9DA47}"
EndProject
Project("{8BC9CEB8-8B4A-11D0-8D11-00A0C91BC942}") = "LR35902", "libraries\EightBit\LR35902\src\LR35902.vcxproj", "{7730ECF5-8206-4ECB-BA6B-6B5CFE50CFB2}"
EndProject
Project("{8BC9CEB8-8B4A-11D0-8D11-00A0C91BC942}") = "Gb_Snd_Emu", "libraries\Gb_Snd_Emu\Gb_Snd_Emu.vcxproj", "{289D5D5C-3845-44BC-9983-D5162DCEC74E}"
EndProject
Global
	GlobalSection(SolutionConfigurationPlatforms) = preSolution
		Debug|x64 = Debug|x64
		Debug|x86 = Debug|x86
		Release|x64 = Release|x64
		Release|x86 = Release|x86
	EndGlobalSection
	GlobalSection(ProjectConfigurationPlatforms) = postSolution
		{F87B618C-5321-4A37-9475-07E606C742A6}.Debug|x64.ActiveCfg = Debug|x64
		{F87B618C-5321-4A37-9475-07E606C742A6}.Debug|x64.Build.0 = Debug|x64
		{F87B618C-5321-4A37-9475-07E606C742A6}.Debug|x86.ActiveCfg = Debug|Win32
		{F87B618C-5321-4A37-9475-07E606C742A6}.Debug|x86.Build.0 = Debug|Win32
		{F87B618C-5321-4A37-9475-07E606C742A6}.Release|x64.ActiveCfg = Release|x64
		{F87B618C-5321-4A37-9475-07E606C742A6}.Release|x64.Build.0 = Release|x64
		{F87B618C-5321-4A37-9475-07E606C742A6}.Release|x86.ActiveCfg = Release|Win32
		{F87B618C-5321-4A37-9475-07E606C742A6}.Release|x86.Build.0 = Release|Win32
		{A9C24BD9-0CB4-4C84-B09B-46B815F9DA47}.Debug|x64.ActiveCfg = Debug|x64
		{A9C24BD9-0CB4-4C84-B09B-46B815F9DA47}.Debug|x64.Build.0 = Debug|x64
		{A9C24BD9-0CB4-4C84-B09B-46B815F9DA47}.Debug|x86.ActiveCfg = Debug|Win32
		{A9C24BD9-0CB4-4C84-B09B-46B815F9DA47}.Debug|x86.Build.0 = Debug|Win32
		{A9C24BD9-0CB4-4C84-B09B-46B815F9DA47}.Release|x64.ActiveCfg = Release|x64
		{A9C24BD9-0CB4-4C84-B09B-46B815F9DA47}.Release|x64.Build.0 = Release|x64
		{A9C24BD9-0CB4-4C84-B09B-46B815F9DA47}.Release|x86.ActiveCfg = Release|Win32
		{A9C24BD9-0CB4-4C84-B09B-46B815F9DA47}.Release|x86.Build.0 = Release|Win32
		{7730ECF5-8206-4ECB-BA6B-6B5CFE50CFB2}.Debug|x64.ActiveCfg = Debug|x64
		{7730ECF5-8206-4ECB-BA6B-6B5CFE50CFB2}.Debug|x64.Build.0 = Debug|x64
		{7730ECF5-8206-4ECB-BA6B-6B5CFE50CFB2}.Debug|x86.ActiveCfg = Debug|Win32
		{7730ECF5-8206-4ECB-BA6B-6B5CFE50CFB2}.Debug|x86.Build.0 = Debug|Win32
		{7730ECF5-8206-4ECB-BA6B-6B5CFE50CFB2}.Release|x64.ActiveCfg = Release|x64
		{7730ECF5-8206-4ECB-BA6B-6B5CFE50CFB2}.Release|x64.Build.0 = Release|x64
		{7730ECF5-8206-4ECB-BA6B-6B5CFE50CFB2}.Release|x86.ActiveCfg = Release|Win32
		{7730ECF5-8206-4ECB-BA6B-6B5CFE50CFB2}.Release|x86.Build.0 = Release|Win32
		{289D5D5C-3845-44BC-9983-D5162DCEC74E}.Debug|x64.ActiveCfg = Debug|x64
		{289D5D5C-3845-44BC-9983-D5162DCEC74E}.Debug|x64.Build.0 = Debug|x64
		{289D5D5C-3845-44BC-9983-D5162DCEC74E}.Debug|x86.ActiveCfg = Debug|Win32
		{289D5D5C-3845-44BC-9983-D5162DCEC74E}.Debug|x86.Build.0 = Debug|Win32
		{289D5D5C-3845-44BC-9983-D5162DCEC74E}.Release|x64.ActiveCfg = Release|x64
		{289D5D5C-3845-44BC-9983-D5162DCEC74E}.Release|x64.Build.0 = Release|x64
		{289D5D5C-3845-44BC-9983-D5162DCEC74E}.Release|x86.ActiveCfg = Release|Win32
		{289D5D5C-3845-44BC-9983-D5162DCEC74E}.Release|x86.Build.0 = Release|Win32
	EndGlobalSection
	GlobalSection(SolutionProperties) = preSolution
		HideSolutionNode = FALSE
	EndGlobalSection
	GlobalSection(ExtensibilityGlobals) = postSolution
		SolutionGuid = {0B41899B-310A-48D2-8C83-4190E039C6F4}
	EndGlobalSection
	GlobalSection(Performance) = preSolution
		HasPerformanceSessions = true
	EndGlobalSection
EndGlobal
