
Microsoft Visual Studio Solution File, Format Version 12.00
# Visual Studio 14
VisualStudioVersion = 14.0.25420.1
MinimumVisualStudioVersion = 10.0.40219.1
Project("{8BC9CEB8-8B4A-11D0-8D11-00A0C91BC942}") = "gb", "src\gb.vcxproj", "{F87B618C-5321-4A37-9475-07E606C742A6}"
EndProject
Project("{8BC9CEB8-8B4A-11D0-8D11-00A0C91BC942}") = "EightBit", "libraries\EightBit\src\EightBit.vcxproj", "{A9C24BD9-0CB4-4C84-B09B-46B815F9DA47}"
EndProject
Project("{8BC9CEB8-8B4A-11D0-8D11-00A0C91BC942}") = "LR35902", "libraries\EightBit\LR35902\src\LR35902.vcxproj", "{7730ECF5-8206-4ECB-BA6B-6B5CFE50CFB2}"
EndProject
Global
	GlobalSection(SolutionConfigurationPlatforms) = preSolution
		Debug|x64 = Debug|x64
		Debug|x86 = Debug|x86
		Release|x64 = Release|x64
		Release|x86 = Release|x86
	EndGlobalSection
	GlobalSection(ProjectConfigurationPlatforms) = postSolution
		{F87B618C-5321-4A37-9475-07E606C742A6}.Debug|x64.ActiveCfg = Debug|x64
		{F87B618C-5321-4A37-9475-07E606C742A6}.Debug|x64.Build.0 = Debug|x64
		{F87B618C-5321-4A37-9475-07E606C742A6}.Debug|x86.ActiveCfg = Debug|Win32
		{F87B618C-5321-4A37-9475-07E606C742A6}.Debug|x86.Build.0 = Debug|Win32
		{F87B618C-5321-4A37-9475-07E606C742A6}.Release|x64.ActiveCfg = Release|x64
		{F87B618C-5321-4A37-9475-07E606C742A6}.Release|x64.Build.0 = Release|x64
		{F87B618C-5321-4A37-9475-07E606C742A6}.Release|x86.ActiveCfg = Release|Win32
		{F87B618C-5321-4A37-9475-07E606C742A6}.Release|x86.Build.0 = Release|Win32
		{A9C24BD9-0CB4-4C84-B09B-46B815F9DA47}.Debug|x64.ActiveCfg = Debug|x64
		{A9C24BD9-0CB4-4C84-B09B-46B815F9DA47}.Debug|x64.Build.0 = Debug|x64
		{A9C24BD9-0CB4-4C84-B09B-46B815F9DA47}.Debug|x86.ActiveCfg = Debug|Win32
		{A9C24BD9-0CB4-4C84-B09B-46B815F9DA47}.Debug|x86.Build.0 = Debug|Win32
		{A9C24BD9-0CB4-4C84-B09B-46B815F9DA47}.Release|x64.ActiveCfg = Release|x64
		{A9C24BD9-0CB4-4C84-B09B-46B815F9DA47}.Release|x64.Build.0 = Release|x64
		{A9C24BD9-0CB4-4C84-B09B-46B815F9DA47}.Release|x86.ActiveCfg = Release|Win32
		{A9C24BD9-0CB4-4C84-B09B-46B815F9DA47}.Release|x86.Build.0 = Release|Win32
		{7730ECF5-8206-4ECB-BA6B-6B5CFE50CFB2}.Debug|x64.ActiveCfg = Debug|x64
		{7730ECF5-8206-4ECB-BA6B-6B5CFE50CFB2}.Debug|x64.Build.0 = Debug|x64
		{7730ECF5-8206-4ECB-BA6B-6B5CFE50CFB2}.Debug|x86.ActiveCfg = Debug|Win32
		{7730ECF5-8206-4ECB-BA6B-6B5CFE50CFB2}.Debug|x86.Build.0 = Debug|Win32
		{7730ECF5-8206-4ECB-BA6B-6B5CFE50CFB2}.Release|x64.ActiveCfg = Release|x64
		{7730ECF5-8206-4ECB-BA6B-6B5CFE50CFB2}.Release|x64.Build.0 = Release|x64
		{7730ECF5-8206-4ECB-BA6B-6B5CFE50CFB2}.Release|x86.ActiveCfg = Release|Win32
		{7730ECF5-8206-4ECB-BA6B-6B5CFE50CFB2}.Release|x86.Build.0 = Release|Win32
	EndGlobalSection
	GlobalSection(SolutionProperties) = preSolution
		HideSolutionNode = FALSE
	EndGlobalSection
EndGlobal
